
Microsoft Visual Studio Solution File, Format Version 12.00
# Visual Studio Version 17
VisualStudioVersion = 17.3.32825.248
MinimumVisualStudioVersion = 10.0.40219.1
Project("{FAE04EC0-301F-11D3-BF4B-00C04F79EFBC}") = "File-übungen", "File-übungen\File-übungen.csproj", "{B9543069-DC59-4DAD-995F-C55DF4159C7C}"
EndProject
Global
	GlobalSection(SolutionConfigurationPlatforms) = preSolution
		Debug|Any CPU = Debug|Any CPU
		Release|Any CPU = Release|Any CPU
	EndGlobalSection
	GlobalSection(ProjectConfigurationPlatforms) = postSolution
		{B9543069-DC59-4DAD-995F-C55DF4159C7C}.Debug|Any CPU.ActiveCfg = Debug|Any CPU
		{B9543069-DC59-4DAD-995F-C55DF4159C7C}.Debug|Any CPU.Build.0 = Debug|Any CPU
		{B9543069-DC59-4DAD-995F-C55DF4159C7C}.Release|Any CPU.ActiveCfg = Release|Any CPU
		{B9543069-DC59-4DAD-995F-C55DF4159C7C}.Release|Any CPU.Build.0 = Release|Any CPU
	EndGlobalSection
	GlobalSection(SolutionProperties) = preSolution
		HideSolutionNode = FALSE
	EndGlobalSection
	GlobalSection(ExtensibilityGlobals) = postSolution
		SolutionGuid = {C70DB433-6075-4BCB-9435-D644B24E15F9}
	EndGlobalSection
EndGlobal
